
Microsoft Visual Studio Solution File, Format Version 12.00
# Visual Studio Version 17
VisualStudioVersion = 17.7.34221.43
MinimumVisualStudioVersion = 10.0.40219.1
Project("{FAE04EC0-301F-11D3-BF4B-00C04F79EFBC}") = "VLU231_71SEOO30074_03", "VLU231_71SEOO30074_03\VLU231_71SEOO30074_03.csproj", "{D2B99EA8-2E1A-41E5-8370-03121FFE3703}"
EndProject
Global
	GlobalSection(SolutionConfigurationPlatforms) = preSolution
		Debug|Any CPU = Debug|Any CPU
		Release|Any CPU = Release|Any CPU
	EndGlobalSection
	GlobalSection(ProjectConfigurationPlatforms) = postSolution
		{D2B99EA8-2E1A-41E5-8370-03121FFE3703}.Debug|Any CPU.ActiveCfg = Debug|Any CPU
		{D2B99EA8-2E1A-41E5-8370-03121FFE3703}.Debug|Any CPU.Build.0 = Debug|Any CPU
		{D2B99EA8-2E1A-41E5-8370-03121FFE3703}.Release|Any CPU.ActiveCfg = Release|Any CPU
		{D2B99EA8-2E1A-41E5-8370-03121FFE3703}.Release|Any CPU.Build.0 = Release|Any CPU
	EndGlobalSection
	GlobalSection(SolutionProperties) = preSolution
		HideSolutionNode = FALSE
	EndGlobalSection
	GlobalSection(ExtensibilityGlobals) = postSolution
		SolutionGuid = {F217CD5E-4DCD-4708-9810-0838DF3C9DE7}
	EndGlobalSection
EndGlobal
